// !$*UTF8*$!
{
	archiveVersion = 1;
	classes = {
	};
	objectVersion = 56;
	objects = {

/* Begin PBXBuildFile section */
		4C23248B2AAE7FE200AB937A /* lunabrainApp.swift in Sources */ = {isa = PBXBuildFile; fileRef = 4C23248A2AAE7FE200AB937A /* lunabrainApp.swift */; };
		4C23248D2AAE7FE200AB937A /* ContentView.swift in Sources */ = {isa = PBXBuildFile; fileRef = 4C23248C2AAE7FE200AB937A /* ContentView.swift */; };
		4C23248F2AAE7FE300AB937A /* Assets.xcassets in Resources */ = {isa = PBXBuildFile; fileRef = 4C23248E2AAE7FE300AB937A /* Assets.xcassets */; };
		4C2324922AAE7FE300AB937A /* Preview Assets.xcassets in Resources */ = {isa = PBXBuildFile; fileRef = 4C2324912AAE7FE300AB937A /* Preview Assets.xcassets */; };
		4C2324982AAE7FE300AB937A /* lunabrain Watch App.app in Embed Watch Content */ = {isa = PBXBuildFile; fileRef = 4C2324972AAE7FE300AB937A /* lunabrain Watch App.app */; settings = {ATTRIBUTES = (RemoveHeadersOnCopy, ); }; };
		4C23249D2AAE7FE300AB937A /* lunabrainApp.swift in Sources */ = {isa = PBXBuildFile; fileRef = 4C23249C2AAE7FE300AB937A /* lunabrainApp.swift */; };
		4C23249F2AAE7FE300AB937A /* ContentView.swift in Sources */ = {isa = PBXBuildFile; fileRef = 4C23249E2AAE7FE300AB937A /* ContentView.swift */; };
		4C2324A12AAE7FE400AB937A /* Assets.xcassets in Resources */ = {isa = PBXBuildFile; fileRef = 4C2324A02AAE7FE400AB937A /* Assets.xcassets */; };
		4C2324A42AAE7FE400AB937A /* Preview Assets.xcassets in Resources */ = {isa = PBXBuildFile; fileRef = 4C2324A32AAE7FE400AB937A /* Preview Assets.xcassets */; };
		4C2324B12AAEEB4500AB937A /* Connect in Frameworks */ = {isa = PBXBuildFile; productRef = 4C2324B02AAEEB4500AB937A /* Connect */; };
		4C2324B62AAFDD7200AB937A /* Storyboard.storyboard in Resources */ = {isa = PBXBuildFile; fileRef = 4C2324B52AAFDD7200AB937A /* Storyboard.storyboard */; };
		4C2324B82AB0DE9200AB937A /* WatchTranscriptionViewModel.swift in Sources */ = {isa = PBXBuildFile; fileRef = 4C2324B72AB0DE9200AB937A /* WatchTranscriptionViewModel.swift */; };
		4C2324BA2AB0DFE500AB937A /* TranscriptionViewModel.swift in Sources */ = {isa = PBXBuildFile; fileRef = 4C2324B92AB0DFE500AB937A /* TranscriptionViewModel.swift */; };
		4C2324BC2AB0EFAB00AB937A /* AudioRecorder.swift in Sources */ = {isa = PBXBuildFile; fileRef = 4C2324BB2AB0EFAB00AB937A /* AudioRecorder.swift */; };
		4C2324BE2AB0EFF300AB937A /* RecordingsView.swift in Sources */ = {isa = PBXBuildFile; fileRef = 4C2324BD2AB0EFF300AB937A /* RecordingsView.swift */; };
		4C2324C02AB8159500AB937A /* AIViewModel.swift in Sources */ = {isa = PBXBuildFile; fileRef = 4C2324BF2AB8159500AB937A /* AIViewModel.swift */; };
		4C3694462AE4DB8000E12780 /* protoflow.pb.swift in Sources */ = {isa = PBXBuildFile; fileRef = 4C36943A2AE4DB8000E12780 /* protoflow.pb.swift */; };
		4C3694472AE4DB8000E12780 /* chat.connect.swift in Sources */ = {isa = PBXBuildFile; fileRef = 4C36943C2AE4DB8000E12780 /* chat.connect.swift */; };
		4C3694482AE4DB8000E12780 /* chat.pb.swift in Sources */ = {isa = PBXBuildFile; fileRef = 4C36943D2AE4DB8000E12780 /* chat.pb.swift */; };
		4C3694492AE4DB8000E12780 /* content.pb.swift in Sources */ = {isa = PBXBuildFile; fileRef = 4C36943F2AE4DB8000E12780 /* content.pb.swift */; };
		4C36944A2AE4DB8000E12780 /* content.connect.swift in Sources */ = {isa = PBXBuildFile; fileRef = 4C3694402AE4DB8000E12780 /* content.connect.swift */; };
		4C36944B2AE4DB8000E12780 /* user.connect.swift in Sources */ = {isa = PBXBuildFile; fileRef = 4C3694422AE4DB8000E12780 /* user.connect.swift */; };
		4C36944C2AE4DB8000E12780 /* user.pb.swift in Sources */ = {isa = PBXBuildFile; fileRef = 4C3694432AE4DB8000E12780 /* user.pb.swift */; };
		4C36944D2AE4DB8000E12780 /* protoflow.connect.swift in Sources */ = {isa = PBXBuildFile; fileRef = 4C3694442AE4DB8000E12780 /* protoflow.connect.swift */; };
		4C36944E2AE4DB8000E12780 /* ai.pb.swift in Sources */ = {isa = PBXBuildFile; fileRef = 4C3694452AE4DB8000E12780 /* ai.pb.swift */; };
		4C4056CE2ACE928A00F95A24 /* SafariWebExtensionHandler.swift in Sources */ = {isa = PBXBuildFile; fileRef = 4C4056CD2ACE928A00F95A24 /* SafariWebExtensionHandler.swift */; };
		4C4056D12ACE928A00F95A24 /* _locales in Resources */ = {isa = PBXBuildFile; fileRef = 4C4056D02ACE928A00F95A24 /* _locales */; };
		4C4056D32ACE928A00F95A24 /* images in Resources */ = {isa = PBXBuildFile; fileRef = 4C4056D22ACE928A00F95A24 /* images */; };
		4C4056D52ACE928A00F95A24 /* manifest.json in Resources */ = {isa = PBXBuildFile; fileRef = 4C4056D42ACE928A00F95A24 /* manifest.json */; };
		4C4056D72ACE928A00F95A24 /* background-bak.js in Resources */ = {isa = PBXBuildFile; fileRef = 4C4056D62ACE928A00F95A24 /* background-bak.js */; };
		4C4056D92ACE928A00F95A24 /* content.js in Resources */ = {isa = PBXBuildFile; fileRef = 4C4056D82ACE928A00F95A24 /* content.js */; };
		4C4056DB2ACE928A00F95A24 /* popup.html in Resources */ = {isa = PBXBuildFile; fileRef = 4C4056DA2ACE928A00F95A24 /* popup.html */; };
		4C4056DD2ACE928A00F95A24 /* popup.css in Resources */ = {isa = PBXBuildFile; fileRef = 4C4056DC2ACE928A00F95A24 /* popup.css */; };
		4C4056DF2ACE928A00F95A24 /* popup.js in Resources */ = {isa = PBXBuildFile; fileRef = 4C4056DE2ACE928A00F95A24 /* popup.js */; };
		4C4056E32ACE928A00F95A24 /* safari.appex in Embed Foundation Extensions */ = {isa = PBXBuildFile; fileRef = 4C4056CB2ACE928A00F95A24 /* safari.appex */; settings = {ATTRIBUTES = (RemoveHeadersOnCopy, ); }; };
		4C4056FC2ACE976300F95A24 /* background.js in Resources */ = {isa = PBXBuildFile; fileRef = 4C4056FB2ACE976300F95A24 /* background.js */; };
		4CAC7AD62AD4D27D00C6A2F8 /* Markdown in Frameworks */ = {isa = PBXBuildFile; productRef = 4CAC7AD52AD4D27D00C6A2F8 /* Markdown */; };
		4CAC7B092AD4D7AC00C6A2F8 /* EditableListItem.swift in Sources */ = {isa = PBXBuildFile; fileRef = 4CAC7B082AD4D7AC00C6A2F8 /* EditableListItem.swift */; };
		4CAC7B0C2AD72EC700C6A2F8 /* MarkupEditor in Frameworks */ = {isa = PBXBuildFile; productRef = 4CAC7B0B2AD72EC700C6A2F8 /* MarkupEditor */; };
		4CE6D1622ACCCBE1002D7E2C /* lunabrain_desktopApp.swift in Sources */ = {isa = PBXBuildFile; fileRef = 4CE6D1612ACCCBE1002D7E2C /* lunabrain_desktopApp.swift */; };
		4CE6D1642ACCCBE1002D7E2C /* ContentView.swift in Sources */ = {isa = PBXBuildFile; fileRef = 4CE6D1632ACCCBE1002D7E2C /* ContentView.swift */; };
		4CE6D1662ACCCBE1002D7E2C /* Assets.xcassets in Resources */ = {isa = PBXBuildFile; fileRef = 4CE6D1652ACCCBE1002D7E2C /* Assets.xcassets */; };
		4CE6D1692ACCCBE1002D7E2C /* Preview Assets.xcassets in Resources */ = {isa = PBXBuildFile; fileRef = 4CE6D1682ACCCBE1002D7E2C /* Preview Assets.xcassets */; };
		4CE6D16F2ACCCC8C002D7E2C /* AudioRecordingView.swift in Sources */ = {isa = PBXBuildFile; fileRef = 4CE6D16E2ACCCC8C002D7E2C /* AudioRecordingView.swift */; };
		4CE6D1712ACCCC9D002D7E2C /* AudioRecorder.swift in Sources */ = {isa = PBXBuildFile; fileRef = 4CE6D1702ACCCC9D002D7E2C /* AudioRecorder.swift */; };
/* End PBXBuildFile section */

/* Begin PBXContainerItemProxy section */
		4C2324992AAE7FE300AB937A /* PBXContainerItemProxy */ = {
			isa = PBXContainerItemProxy;
			containerPortal = 4C23247F2AAE7FE200AB937A /* Project object */;
			proxyType = 1;
			remoteGlobalIDString = 4C2324962AAE7FE300AB937A;
			remoteInfo = "lunabrain Watch App";
		};
		4C4056E12ACE928A00F95A24 /* PBXContainerItemProxy */ = {
			isa = PBXContainerItemProxy;
			containerPortal = 4C23247F2AAE7FE200AB937A /* Project object */;
			proxyType = 1;
			remoteGlobalIDString = 4C4056CA2ACE928A00F95A24;
			remoteInfo = safari;
		};
/* End PBXContainerItemProxy section */

/* Begin PBXCopyFilesBuildPhase section */
		4C2324AA2AAE7FE400AB937A /* Embed Watch Content */ = {
			isa = PBXCopyFilesBuildPhase;
			buildActionMask = 2147483647;
			dstPath = "$(CONTENTS_FOLDER_PATH)/Watch";
			dstSubfolderSpec = 16;
			files = (
				4C2324982AAE7FE300AB937A /* lunabrain Watch App.app in Embed Watch Content */,
			);
			name = "Embed Watch Content";
			runOnlyForDeploymentPostprocessing = 0;
		};
		4C4056E42ACE928A00F95A24 /* Embed Foundation Extensions */ = {
			isa = PBXCopyFilesBuildPhase;
			buildActionMask = 2147483647;
			dstPath = "";
			dstSubfolderSpec = 13;
			files = (
				4C4056E32ACE928A00F95A24 /* safari.appex in Embed Foundation Extensions */,
			);
			name = "Embed Foundation Extensions";
			runOnlyForDeploymentPostprocessing = 0;
		};
/* End PBXCopyFilesBuildPhase section */

/* Begin PBXFileReference section */
		4C2324872AAE7FE200AB937A /* lunabrain.app */ = {isa = PBXFileReference; explicitFileType = wrapper.application; includeInIndex = 0; path = lunabrain.app; sourceTree = BUILT_PRODUCTS_DIR; };
		4C23248A2AAE7FE200AB937A /* lunabrainApp.swift */ = {isa = PBXFileReference; lastKnownFileType = sourcecode.swift; path = lunabrainApp.swift; sourceTree = "<group>"; };
		4C23248C2AAE7FE200AB937A /* ContentView.swift */ = {isa = PBXFileReference; lastKnownFileType = sourcecode.swift; path = ContentView.swift; sourceTree = "<group>"; };
		4C23248E2AAE7FE300AB937A /* Assets.xcassets */ = {isa = PBXFileReference; lastKnownFileType = folder.assetcatalog; path = Assets.xcassets; sourceTree = "<group>"; };
		4C2324912AAE7FE300AB937A /* Preview Assets.xcassets */ = {isa = PBXFileReference; lastKnownFileType = folder.assetcatalog; path = "Preview Assets.xcassets"; sourceTree = "<group>"; };
		4C2324972AAE7FE300AB937A /* lunabrain Watch App.app */ = {isa = PBXFileReference; explicitFileType = wrapper.application; includeInIndex = 0; path = "lunabrain Watch App.app"; sourceTree = BUILT_PRODUCTS_DIR; };
		4C23249C2AAE7FE300AB937A /* lunabrainApp.swift */ = {isa = PBXFileReference; lastKnownFileType = sourcecode.swift; path = lunabrainApp.swift; sourceTree = "<group>"; };
		4C23249E2AAE7FE300AB937A /* ContentView.swift */ = {isa = PBXFileReference; lastKnownFileType = sourcecode.swift; path = ContentView.swift; sourceTree = "<group>"; };
		4C2324A02AAE7FE400AB937A /* Assets.xcassets */ = {isa = PBXFileReference; lastKnownFileType = folder.assetcatalog; path = Assets.xcassets; sourceTree = "<group>"; };
		4C2324A32AAE7FE400AB937A /* Preview Assets.xcassets */ = {isa = PBXFileReference; lastKnownFileType = folder.assetcatalog; path = "Preview Assets.xcassets"; sourceTree = "<group>"; };
		4C2324AE2AAEE30400AB937A /* Info.plist */ = {isa = PBXFileReference; lastKnownFileType = text.plist; path = Info.plist; sourceTree = "<group>"; };
		4C2324B52AAFDD7200AB937A /* Storyboard.storyboard */ = {isa = PBXFileReference; lastKnownFileType = file.storyboard; path = Storyboard.storyboard; sourceTree = "<group>"; };
		4C2324B72AB0DE9200AB937A /* WatchTranscriptionViewModel.swift */ = {isa = PBXFileReference; lastKnownFileType = sourcecode.swift; path = WatchTranscriptionViewModel.swift; sourceTree = "<group>"; };
		4C2324B92AB0DFE500AB937A /* TranscriptionViewModel.swift */ = {isa = PBXFileReference; lastKnownFileType = sourcecode.swift; path = TranscriptionViewModel.swift; sourceTree = "<group>"; };
		4C2324BB2AB0EFAB00AB937A /* AudioRecorder.swift */ = {isa = PBXFileReference; lastKnownFileType = sourcecode.swift; path = AudioRecorder.swift; sourceTree = "<group>"; };
		4C2324BD2AB0EFF300AB937A /* RecordingsView.swift */ = {isa = PBXFileReference; lastKnownFileType = sourcecode.swift; path = RecordingsView.swift; sourceTree = "<group>"; };
		4C2324BF2AB8159500AB937A /* AIViewModel.swift */ = {isa = PBXFileReference; lastKnownFileType = sourcecode.swift; path = AIViewModel.swift; sourceTree = "<group>"; };
		4C36943A2AE4DB8000E12780 /* protoflow.pb.swift */ = {isa = PBXFileReference; fileEncoding = 4; lastKnownFileType = sourcecode.swift; path = protoflow.pb.swift; sourceTree = "<group>"; };
		4C36943C2AE4DB8000E12780 /* chat.connect.swift */ = {isa = PBXFileReference; fileEncoding = 4; lastKnownFileType = sourcecode.swift; path = chat.connect.swift; sourceTree = "<group>"; };
		4C36943D2AE4DB8000E12780 /* chat.pb.swift */ = {isa = PBXFileReference; fileEncoding = 4; lastKnownFileType = sourcecode.swift; path = chat.pb.swift; sourceTree = "<group>"; };
		4C36943F2AE4DB8000E12780 /* content.pb.swift */ = {isa = PBXFileReference; fileEncoding = 4; lastKnownFileType = sourcecode.swift; path = content.pb.swift; sourceTree = "<group>"; };
		4C3694402AE4DB8000E12780 /* content.connect.swift */ = {isa = PBXFileReference; fileEncoding = 4; lastKnownFileType = sourcecode.swift; path = content.connect.swift; sourceTree = "<group>"; };
		4C3694422AE4DB8000E12780 /* user.connect.swift */ = {isa = PBXFileReference; fileEncoding = 4; lastKnownFileType = sourcecode.swift; path = user.connect.swift; sourceTree = "<group>"; };
		4C3694432AE4DB8000E12780 /* user.pb.swift */ = {isa = PBXFileReference; fileEncoding = 4; lastKnownFileType = sourcecode.swift; path = user.pb.swift; sourceTree = "<group>"; };
		4C3694442AE4DB8000E12780 /* protoflow.connect.swift */ = {isa = PBXFileReference; fileEncoding = 4; lastKnownFileType = sourcecode.swift; path = protoflow.connect.swift; sourceTree = "<group>"; };
		4C3694452AE4DB8000E12780 /* ai.pb.swift */ = {isa = PBXFileReference; fileEncoding = 4; lastKnownFileType = sourcecode.swift; path = ai.pb.swift; sourceTree = "<group>"; };
		4C4056CB2ACE928A00F95A24 /* safari.appex */ = {isa = PBXFileReference; explicitFileType = "wrapper.app-extension"; includeInIndex = 0; path = safari.appex; sourceTree = BUILT_PRODUCTS_DIR; };
		4C4056CD2ACE928A00F95A24 /* SafariWebExtensionHandler.swift */ = {isa = PBXFileReference; lastKnownFileType = sourcecode.swift; path = SafariWebExtensionHandler.swift; sourceTree = "<group>"; };
		4C4056D02ACE928A00F95A24 /* _locales */ = {isa = PBXFileReference; lastKnownFileType = folder; path = _locales; sourceTree = "<group>"; };
		4C4056D22ACE928A00F95A24 /* images */ = {isa = PBXFileReference; lastKnownFileType = folder; path = images; sourceTree = "<group>"; };
		4C4056D42ACE928A00F95A24 /* manifest.json */ = {isa = PBXFileReference; lastKnownFileType = text.json; path = manifest.json; sourceTree = "<group>"; };
		4C4056D62ACE928A00F95A24 /* background-bak.js */ = {isa = PBXFileReference; lastKnownFileType = sourcecode.javascript; path = "background-bak.js"; sourceTree = "<group>"; };
		4C4056D82ACE928A00F95A24 /* content.js */ = {isa = PBXFileReference; lastKnownFileType = sourcecode.javascript; path = content.js; sourceTree = "<group>"; };
		4C4056DA2ACE928A00F95A24 /* popup.html */ = {isa = PBXFileReference; lastKnownFileType = text.html; path = popup.html; sourceTree = "<group>"; };
		4C4056DC2ACE928A00F95A24 /* popup.css */ = {isa = PBXFileReference; lastKnownFileType = text.css; path = popup.css; sourceTree = "<group>"; };
		4C4056DE2ACE928A00F95A24 /* popup.js */ = {isa = PBXFileReference; lastKnownFileType = sourcecode.javascript; path = popup.js; sourceTree = "<group>"; };
		4C4056E02ACE928A00F95A24 /* Info.plist */ = {isa = PBXFileReference; lastKnownFileType = text.plist.xml; path = Info.plist; sourceTree = "<group>"; };
		4C4056FB2ACE976300F95A24 /* background.js */ = {isa = PBXFileReference; lastKnownFileType = sourcecode.javascript; path = background.js; sourceTree = "<group>"; };
		4CAC7B082AD4D7AC00C6A2F8 /* EditableListItem.swift */ = {isa = PBXFileReference; lastKnownFileType = sourcecode.swift; path = EditableListItem.swift; sourceTree = "<group>"; };
		4CE6D15F2ACCCBE1002D7E2C /* lunabrain desktop.app */ = {isa = PBXFileReference; explicitFileType = wrapper.application; includeInIndex = 0; path = "lunabrain desktop.app"; sourceTree = BUILT_PRODUCTS_DIR; };
		4CE6D1612ACCCBE1002D7E2C /* lunabrain_desktopApp.swift */ = {isa = PBXFileReference; lastKnownFileType = sourcecode.swift; path = lunabrain_desktopApp.swift; sourceTree = "<group>"; };
		4CE6D1632ACCCBE1002D7E2C /* ContentView.swift */ = {isa = PBXFileReference; lastKnownFileType = sourcecode.swift; path = ContentView.swift; sourceTree = "<group>"; };
		4CE6D1652ACCCBE1002D7E2C /* Assets.xcassets */ = {isa = PBXFileReference; lastKnownFileType = folder.assetcatalog; path = Assets.xcassets; sourceTree = "<group>"; };
		4CE6D1682ACCCBE1002D7E2C /* Preview Assets.xcassets */ = {isa = PBXFileReference; lastKnownFileType = folder.assetcatalog; path = "Preview Assets.xcassets"; sourceTree = "<group>"; };
		4CE6D16A2ACCCBE1002D7E2C /* lunabrain_desktop.entitlements */ = {isa = PBXFileReference; lastKnownFileType = text.plist.entitlements; path = lunabrain_desktop.entitlements; sourceTree = "<group>"; };
		4CE6D16E2ACCCC8C002D7E2C /* AudioRecordingView.swift */ = {isa = PBXFileReference; lastKnownFileType = sourcecode.swift; path = AudioRecordingView.swift; sourceTree = "<group>"; };
		4CE6D1702ACCCC9D002D7E2C /* AudioRecorder.swift */ = {isa = PBXFileReference; lastKnownFileType = sourcecode.swift; path = AudioRecorder.swift; sourceTree = "<group>"; };
/* End PBXFileReference section */

/* Begin PBXFrameworksBuildPhase section */
		4C2324842AAE7FE200AB937A /* Frameworks */ = {
			isa = PBXFrameworksBuildPhase;
			buildActionMask = 2147483647;
			files = (
				4C2324B12AAEEB4500AB937A /* Connect in Frameworks */,
				4CAC7AD62AD4D27D00C6A2F8 /* Markdown in Frameworks */,
				4CAC7B0C2AD72EC700C6A2F8 /* MarkupEditor in Frameworks */,
			);
			runOnlyForDeploymentPostprocessing = 0;
		};
		4C2324942AAE7FE300AB937A /* Frameworks */ = {
			isa = PBXFrameworksBuildPhase;
			buildActionMask = 2147483647;
			files = (
			);
			runOnlyForDeploymentPostprocessing = 0;
		};
		4C4056C82ACE928A00F95A24 /* Frameworks */ = {
			isa = PBXFrameworksBuildPhase;
			buildActionMask = 2147483647;
			files = (
			);
			runOnlyForDeploymentPostprocessing = 0;
		};
		4CE6D15C2ACCCBE1002D7E2C /* Frameworks */ = {
			isa = PBXFrameworksBuildPhase;
			buildActionMask = 2147483647;
			files = (
			);
			runOnlyForDeploymentPostprocessing = 0;
		};
/* End PBXFrameworksBuildPhase section */

/* Begin PBXGroup section */
		4C23247E2AAE7FE200AB937A = {
			isa = PBXGroup;
			children = (
				4C2324B52AAFDD7200AB937A /* Storyboard.storyboard */,
				4C3694392AE4DB8000E12780 /* Generated */,
				4C2324892AAE7FE200AB937A /* lunabrain */,
				4C23249B2AAE7FE300AB937A /* lunabrain Watch App */,
				4CE6D1602ACCCBE1002D7E2C /* lunabrain desktop */,
				4C4056CC2ACE928A00F95A24 /* safari */,
				4C2324882AAE7FE200AB937A /* Products */,
			);
			sourceTree = "<group>";
		};
		4C2324882AAE7FE200AB937A /* Products */ = {
			isa = PBXGroup;
			children = (
				4C2324872AAE7FE200AB937A /* lunabrain.app */,
				4C2324972AAE7FE300AB937A /* lunabrain Watch App.app */,
				4CE6D15F2ACCCBE1002D7E2C /* lunabrain desktop.app */,
				4C4056CB2ACE928A00F95A24 /* safari.appex */,
			);
			name = Products;
			sourceTree = "<group>";
		};
		4C2324892AAE7FE200AB937A /* lunabrain */ = {
			isa = PBXGroup;
			children = (
				4C2324AE2AAEE30400AB937A /* Info.plist */,
				4C23248A2AAE7FE200AB937A /* lunabrainApp.swift */,
				4C23248C2AAE7FE200AB937A /* ContentView.swift */,
				4C23248E2AAE7FE300AB937A /* Assets.xcassets */,
				4C2324902AAE7FE300AB937A /* Preview Content */,
				4C2324B92AB0DFE500AB937A /* TranscriptionViewModel.swift */,
				4C2324BB2AB0EFAB00AB937A /* AudioRecorder.swift */,
				4C2324BD2AB0EFF300AB937A /* RecordingsView.swift */,
				4C2324BF2AB8159500AB937A /* AIViewModel.swift */,
				4CAC7B082AD4D7AC00C6A2F8 /* EditableListItem.swift */,
			);
			path = lunabrain;
			sourceTree = "<group>";
		};
		4C2324902AAE7FE300AB937A /* Preview Content */ = {
			isa = PBXGroup;
			children = (
				4C2324912AAE7FE300AB937A /* Preview Assets.xcassets */,
			);
			path = "Preview Content";
			sourceTree = "<group>";
		};
		4C23249B2AAE7FE300AB937A /* lunabrain Watch App */ = {
			isa = PBXGroup;
			children = (
				4C23249C2AAE7FE300AB937A /* lunabrainApp.swift */,
				4C23249E2AAE7FE300AB937A /* ContentView.swift */,
				4C2324A02AAE7FE400AB937A /* Assets.xcassets */,
				4C2324A22AAE7FE400AB937A /* Preview Content */,
				4C2324B72AB0DE9200AB937A /* WatchTranscriptionViewModel.swift */,
			);
			path = "lunabrain Watch App";
			sourceTree = "<group>";
		};
		4C2324A22AAE7FE400AB937A /* Preview Content */ = {
			isa = PBXGroup;
			children = (
				4C2324A32AAE7FE400AB937A /* Preview Assets.xcassets */,
			);
			path = "Preview Content";
			sourceTree = "<group>";
		};
		4C3694392AE4DB8000E12780 /* Generated */ = {
			isa = PBXGroup;
			children = (
				4C36943A2AE4DB8000E12780 /* protoflow.pb.swift */,
				4C36943B2AE4DB8000E12780 /* chat */,
				4C36943E2AE4DB8000E12780 /* content */,
				4C3694412AE4DB8000E12780 /* user */,
				4C3694442AE4DB8000E12780 /* protoflow.connect.swift */,
				4C3694452AE4DB8000E12780 /* ai.pb.swift */,
			);
			path = Generated;
			sourceTree = "<group>";
		};
		4C36943B2AE4DB8000E12780 /* chat */ = {
			isa = PBXGroup;
			children = (
				4C36943C2AE4DB8000E12780 /* chat.connect.swift */,
				4C36943D2AE4DB8000E12780 /* chat.pb.swift */,
			);
			path = chat;
			sourceTree = "<group>";
		};
		4C36943E2AE4DB8000E12780 /* content */ = {
			isa = PBXGroup;
			children = (
				4C36943F2AE4DB8000E12780 /* content.pb.swift */,
				4C3694402AE4DB8000E12780 /* content.connect.swift */,
			);
			path = content;
			sourceTree = "<group>";
		};
		4C3694412AE4DB8000E12780 /* user */ = {
			isa = PBXGroup;
			children = (
				4C3694422AE4DB8000E12780 /* user.connect.swift */,
				4C3694432AE4DB8000E12780 /* user.pb.swift */,
			);
			path = user;
			sourceTree = "<group>";
		};
		4C4056CC2ACE928A00F95A24 /* safari */ = {
			isa = PBXGroup;
			children = (
				4C4056CD2ACE928A00F95A24 /* SafariWebExtensionHandler.swift */,
				4C4056E02ACE928A00F95A24 /* Info.plist */,
				4C4056CF2ACE928A00F95A24 /* Resources */,
			);
			path = safari;
			sourceTree = "<group>";
		};
		4C4056CF2ACE928A00F95A24 /* Resources */ = {
			isa = PBXGroup;
			children = (
				4C4056D02ACE928A00F95A24 /* _locales */,
				4C4056D22ACE928A00F95A24 /* images */,
				4C4056D42ACE928A00F95A24 /* manifest.json */,
				4C4056D62ACE928A00F95A24 /* background-bak.js */,
				4C4056D82ACE928A00F95A24 /* content.js */,
				4C4056DA2ACE928A00F95A24 /* popup.html */,
				4C4056DC2ACE928A00F95A24 /* popup.css */,
				4C4056DE2ACE928A00F95A24 /* popup.js */,
				4C4056FB2ACE976300F95A24 /* background.js */,
			);
			path = Resources;
			sourceTree = "<group>";
		};
		4CE6D1602ACCCBE1002D7E2C /* lunabrain desktop */ = {
			isa = PBXGroup;
			children = (
				4CE6D1612ACCCBE1002D7E2C /* lunabrain_desktopApp.swift */,
				4CE6D1632ACCCBE1002D7E2C /* ContentView.swift */,
				4CE6D1652ACCCBE1002D7E2C /* Assets.xcassets */,
				4CE6D16A2ACCCBE1002D7E2C /* lunabrain_desktop.entitlements */,
				4CE6D1672ACCCBE1002D7E2C /* Preview Content */,
				4CE6D16E2ACCCC8C002D7E2C /* AudioRecordingView.swift */,
				4CE6D1702ACCCC9D002D7E2C /* AudioRecorder.swift */,
			);
			path = "lunabrain desktop";
			sourceTree = "<group>";
		};
		4CE6D1672ACCCBE1002D7E2C /* Preview Content */ = {
			isa = PBXGroup;
			children = (
				4CE6D1682ACCCBE1002D7E2C /* Preview Assets.xcassets */,
			);
			path = "Preview Content";
			sourceTree = "<group>";
		};
/* End PBXGroup section */

/* Begin PBXNativeTarget section */
		4C2324862AAE7FE200AB937A /* lunabrain */ = {
			isa = PBXNativeTarget;
			buildConfigurationList = 4C2324AB2AAE7FE400AB937A /* Build configuration list for PBXNativeTarget "lunabrain" */;
			buildPhases = (
				4C2324832AAE7FE200AB937A /* Sources */,
				4C2324842AAE7FE200AB937A /* Frameworks */,
				4C2324852AAE7FE200AB937A /* Resources */,
				4C2324AA2AAE7FE400AB937A /* Embed Watch Content */,
				4C4056E42ACE928A00F95A24 /* Embed Foundation Extensions */,
			);
			buildRules = (
			);
			dependencies = (
				4C23249A2AAE7FE300AB937A /* PBXTargetDependency */,
				4C4056E22ACE928A00F95A24 /* PBXTargetDependency */,
			);
			name = lunabrain;
			packageProductDependencies = (
				4C2324B02AAEEB4500AB937A /* Connect */,
				4CAC7AD52AD4D27D00C6A2F8 /* Markdown */,
				4CAC7B0B2AD72EC700C6A2F8 /* MarkupEditor */,
			);
			productName = lunabrain;
			productReference = 4C2324872AAE7FE200AB937A /* lunabrain.app */;
			productType = "com.apple.product-type.application";
		};
		4C2324962AAE7FE300AB937A /* lunabrain Watch App */ = {
			isa = PBXNativeTarget;
			buildConfigurationList = 4C2324A72AAE7FE400AB937A /* Build configuration list for PBXNativeTarget "lunabrain Watch App" */;
			buildPhases = (
				4C2324932AAE7FE300AB937A /* Sources */,
				4C2324942AAE7FE300AB937A /* Frameworks */,
				4C2324952AAE7FE300AB937A /* Resources */,
			);
			buildRules = (
			);
			dependencies = (
			);
			name = "lunabrain Watch App";
			productName = "lunabrain Watch App";
			productReference = 4C2324972AAE7FE300AB937A /* lunabrain Watch App.app */;
			productType = "com.apple.product-type.application";
		};
		4C4056CA2ACE928A00F95A24 /* safari */ = {
			isa = PBXNativeTarget;
			buildConfigurationList = 4C4056E72ACE928A00F95A24 /* Build configuration list for PBXNativeTarget "safari" */;
			buildPhases = (
				4C4056C72ACE928A00F95A24 /* Sources */,
				4C4056C82ACE928A00F95A24 /* Frameworks */,
				4C4056C92ACE928A00F95A24 /* Resources */,
			);
			buildRules = (
			);
			dependencies = (
			);
			name = safari;
			productName = safari;
			productReference = 4C4056CB2ACE928A00F95A24 /* safari.appex */;
			productType = "com.apple.product-type.app-extension";
		};
		4CE6D15E2ACCCBE1002D7E2C /* lunabrain desktop */ = {
			isa = PBXNativeTarget;
			buildConfigurationList = 4CE6D16D2ACCCBE1002D7E2C /* Build configuration list for PBXNativeTarget "lunabrain desktop" */;
			buildPhases = (
				4CE6D15B2ACCCBE1002D7E2C /* Sources */,
				4CE6D15C2ACCCBE1002D7E2C /* Frameworks */,
				4CE6D15D2ACCCBE1002D7E2C /* Resources */,
			);
			buildRules = (
			);
			dependencies = (
			);
			name = "lunabrain desktop";
			packageProductDependencies = (
			);
			productName = "lunabrain desktop";
			productReference = 4CE6D15F2ACCCBE1002D7E2C /* lunabrain desktop.app */;
			productType = "com.apple.product-type.application";
		};
/* End PBXNativeTarget section */

/* Begin PBXProject section */
		4C23247F2AAE7FE200AB937A /* Project object */ = {
			isa = PBXProject;
			attributes = {
				BuildIndependentTargetsInParallel = 1;
				LastSwiftUpdateCheck = 1430;
				LastUpgradeCheck = 1430;
				TargetAttributes = {
					4C2324862AAE7FE200AB937A = {
						CreatedOnToolsVersion = 14.3.1;
					};
					4C2324962AAE7FE300AB937A = {
						CreatedOnToolsVersion = 14.3.1;
					};
					4C4056CA2ACE928A00F95A24 = {
						CreatedOnToolsVersion = 14.3.1;
					};
					4CE6D15E2ACCCBE1002D7E2C = {
						CreatedOnToolsVersion = 14.3.1;
					};
				};
			};
			buildConfigurationList = 4C2324822AAE7FE200AB937A /* Build configuration list for PBXProject "lunabrain" */;
			compatibilityVersion = "Xcode 14.0";
			developmentRegion = en;
			hasScannedForEncodings = 0;
			knownRegions = (
				en,
				Base,
			);
			mainGroup = 4C23247E2AAE7FE200AB937A;
			packageReferences = (
				4C2324AF2AAEEB4500AB937A /* XCRemoteSwiftPackageReference "connect-swift" */,
				4CAC7AD42AD4D27D00C6A2F8 /* XCRemoteSwiftPackageReference "swift-markdown" */,
				4CAC7B0A2AD72EC700C6A2F8 /* XCRemoteSwiftPackageReference "MarkupEditor" */,
			);
			productRefGroup = 4C2324882AAE7FE200AB937A /* Products */;
			projectDirPath = "";
			projectRoot = "";
			targets = (
				4C2324862AAE7FE200AB937A /* lunabrain */,
				4C2324962AAE7FE300AB937A /* lunabrain Watch App */,
				4CE6D15E2ACCCBE1002D7E2C /* lunabrain desktop */,
				4C4056CA2ACE928A00F95A24 /* safari */,
			);
		};
/* End PBXProject section */

/* Begin PBXResourcesBuildPhase section */
		4C2324852AAE7FE200AB937A /* Resources */ = {
			isa = PBXResourcesBuildPhase;
			buildActionMask = 2147483647;
			files = (
				4C2324922AAE7FE300AB937A /* Preview Assets.xcassets in Resources */,
				4C2324B62AAFDD7200AB937A /* Storyboard.storyboard in Resources */,
				4C23248F2AAE7FE300AB937A /* Assets.xcassets in Resources */,
			);
			runOnlyForDeploymentPostprocessing = 0;
		};
		4C2324952AAE7FE300AB937A /* Resources */ = {
			isa = PBXResourcesBuildPhase;
			buildActionMask = 2147483647;
			files = (
				4C2324A42AAE7FE400AB937A /* Preview Assets.xcassets in Resources */,
				4C2324A12AAE7FE400AB937A /* Assets.xcassets in Resources */,
			);
			runOnlyForDeploymentPostprocessing = 0;
		};
		4C4056C92ACE928A00F95A24 /* Resources */ = {
			isa = PBXResourcesBuildPhase;
			buildActionMask = 2147483647;
			files = (
				4C4056D72ACE928A00F95A24 /* background-bak.js in Resources */,
				4C4056DD2ACE928A00F95A24 /* popup.css in Resources */,
				4C4056DB2ACE928A00F95A24 /* popup.html in Resources */,
				4C4056D32ACE928A00F95A24 /* images in Resources */,
				4C4056FC2ACE976300F95A24 /* background.js in Resources */,
				4C4056D52ACE928A00F95A24 /* manifest.json in Resources */,
				4C4056D12ACE928A00F95A24 /* _locales in Resources */,
				4C4056D92ACE928A00F95A24 /* content.js in Resources */,
				4C4056DF2ACE928A00F95A24 /* popup.js in Resources */,
			);
			runOnlyForDeploymentPostprocessing = 0;
		};
		4CE6D15D2ACCCBE1002D7E2C /* Resources */ = {
			isa = PBXResourcesBuildPhase;
			buildActionMask = 2147483647;
			files = (
				4CE6D1692ACCCBE1002D7E2C /* Preview Assets.xcassets in Resources */,
				4CE6D1662ACCCBE1002D7E2C /* Assets.xcassets in Resources */,
			);
			runOnlyForDeploymentPostprocessing = 0;
		};
/* End PBXResourcesBuildPhase section */

/* Begin PBXSourcesBuildPhase section */
		4C2324832AAE7FE200AB937A /* Sources */ = {
			isa = PBXSourcesBuildPhase;
			buildActionMask = 2147483647;
			files = (
				4C36944E2AE4DB8000E12780 /* ai.pb.swift in Sources */,
				4C2324BE2AB0EFF300AB937A /* RecordingsView.swift in Sources */,
				4C3694462AE4DB8000E12780 /* protoflow.pb.swift in Sources */,
				4C3694482AE4DB8000E12780 /* chat.pb.swift in Sources */,
				4C36944C2AE4DB8000E12780 /* user.pb.swift in Sources */,
				4C23248D2AAE7FE200AB937A /* ContentView.swift in Sources */,
				4CAC7B092AD4D7AC00C6A2F8 /* EditableListItem.swift in Sources */,
				4C3694472AE4DB8000E12780 /* chat.connect.swift in Sources */,
				4C36944B2AE4DB8000E12780 /* user.connect.swift in Sources */,
				4C2324BA2AB0DFE500AB937A /* TranscriptionViewModel.swift in Sources */,
				4C36944D2AE4DB8000E12780 /* protoflow.connect.swift in Sources */,
				4C36944A2AE4DB8000E12780 /* content.connect.swift in Sources */,
				4C2324C02AB8159500AB937A /* AIViewModel.swift in Sources */,
				4C2324BC2AB0EFAB00AB937A /* AudioRecorder.swift in Sources */,
				4C23248B2AAE7FE200AB937A /* lunabrainApp.swift in Sources */,
				4C3694492AE4DB8000E12780 /* content.pb.swift in Sources */,
			);
			runOnlyForDeploymentPostprocessing = 0;
		};
		4C2324932AAE7FE300AB937A /* Sources */ = {
			isa = PBXSourcesBuildPhase;
			buildActionMask = 2147483647;
			files = (
				4C23249F2AAE7FE300AB937A /* ContentView.swift in Sources */,
				4C23249D2AAE7FE300AB937A /* lunabrainApp.swift in Sources */,
				4C2324B82AB0DE9200AB937A /* WatchTranscriptionViewModel.swift in Sources */,
			);
			runOnlyForDeploymentPostprocessing = 0;
		};
		4C4056C72ACE928A00F95A24 /* Sources */ = {
			isa = PBXSourcesBuildPhase;
			buildActionMask = 2147483647;
			files = (
				4C4056CE2ACE928A00F95A24 /* SafariWebExtensionHandler.swift in Sources */,
			);
			runOnlyForDeploymentPostprocessing = 0;
		};
		4CE6D15B2ACCCBE1002D7E2C /* Sources */ = {
			isa = PBXSourcesBuildPhase;
			buildActionMask = 2147483647;
			files = (
				4CE6D1642ACCCBE1002D7E2C /* ContentView.swift in Sources */,
				4CE6D1622ACCCBE1002D7E2C /* lunabrain_desktopApp.swift in Sources */,
				4CE6D1712ACCCC9D002D7E2C /* AudioRecorder.swift in Sources */,
				4CE6D16F2ACCCC8C002D7E2C /* AudioRecordingView.swift in Sources */,
			);
			runOnlyForDeploymentPostprocessing = 0;
		};
/* End PBXSourcesBuildPhase section */

/* Begin PBXTargetDependency section */
		4C23249A2AAE7FE300AB937A /* PBXTargetDependency */ = {
			isa = PBXTargetDependency;
			target = 4C2324962AAE7FE300AB937A /* lunabrain Watch App */;
			targetProxy = 4C2324992AAE7FE300AB937A /* PBXContainerItemProxy */;
		};
		4C4056E22ACE928A00F95A24 /* PBXTargetDependency */ = {
			isa = PBXTargetDependency;
			target = 4C4056CA2ACE928A00F95A24 /* safari */;
			targetProxy = 4C4056E12ACE928A00F95A24 /* PBXContainerItemProxy */;
		};
/* End PBXTargetDependency section */

/* Begin XCBuildConfiguration section */
		4C2324A52AAE7FE400AB937A /* Debug */ = {
			isa = XCBuildConfiguration;
			buildSettings = {
				ALWAYS_SEARCH_USER_PATHS = NO;
				CLANG_ANALYZER_NONNULL = YES;
				CLANG_ANALYZER_NUMBER_OBJECT_CONVERSION = YES_AGGRESSIVE;
				CLANG_CXX_LANGUAGE_STANDARD = "gnu++20";
				CLANG_ENABLE_MODULES = YES;
				CLANG_ENABLE_OBJC_ARC = YES;
				CLANG_ENABLE_OBJC_WEAK = YES;
				CLANG_WARN_BLOCK_CAPTURE_AUTORELEASING = YES;
				CLANG_WARN_BOOL_CONVERSION = YES;
				CLANG_WARN_COMMA = YES;
				CLANG_WARN_CONSTANT_CONVERSION = YES;
				CLANG_WARN_DEPRECATED_OBJC_IMPLEMENTATIONS = YES;
				CLANG_WARN_DIRECT_OBJC_ISA_USAGE = YES_ERROR;
				CLANG_WARN_DOCUMENTATION_COMMENTS = YES;
				CLANG_WARN_EMPTY_BODY = YES;
				CLANG_WARN_ENUM_CONVERSION = YES;
				CLANG_WARN_INFINITE_RECURSION = YES;
				CLANG_WARN_INT_CONVERSION = YES;
				CLANG_WARN_NON_LITERAL_NULL_CONVERSION = YES;
				CLANG_WARN_OBJC_IMPLICIT_RETAIN_SELF = YES;
				CLANG_WARN_OBJC_LITERAL_CONVERSION = YES;
				CLANG_WARN_OBJC_ROOT_CLASS = YES_ERROR;
				CLANG_WARN_QUOTED_INCLUDE_IN_FRAMEWORK_HEADER = YES;
				CLANG_WARN_RANGE_LOOP_ANALYSIS = YES;
				CLANG_WARN_STRICT_PROTOTYPES = YES;
				CLANG_WARN_SUSPICIOUS_MOVE = YES;
				CLANG_WARN_UNGUARDED_AVAILABILITY = YES_AGGRESSIVE;
				CLANG_WARN_UNREACHABLE_CODE = YES;
				CLANG_WARN__DUPLICATE_METHOD_MATCH = YES;
				COPY_PHASE_STRIP = NO;
				DEBUG_INFORMATION_FORMAT = dwarf;
				ENABLE_STRICT_OBJC_MSGSEND = YES;
				ENABLE_TESTABILITY = YES;
				GCC_C_LANGUAGE_STANDARD = gnu11;
				GCC_DYNAMIC_NO_PIC = NO;
				GCC_NO_COMMON_BLOCKS = YES;
				GCC_OPTIMIZATION_LEVEL = 0;
				GCC_PREPROCESSOR_DEFINITIONS = (
					"DEBUG=1",
					"$(inherited)",
				);
				GCC_WARN_64_TO_32_BIT_CONVERSION = YES;
				GCC_WARN_ABOUT_RETURN_TYPE = YES_ERROR;
				GCC_WARN_UNDECLARED_SELECTOR = YES;
				GCC_WARN_UNINITIALIZED_AUTOS = YES_AGGRESSIVE;
				GCC_WARN_UNUSED_FUNCTION = YES;
				GCC_WARN_UNUSED_VARIABLE = YES;
				MTL_ENABLE_DEBUG_INFO = INCLUDE_SOURCE;
				MTL_FAST_MATH = YES;
				ONLY_ACTIVE_ARCH = YES;
				SWIFT_ACTIVE_COMPILATION_CONDITIONS = DEBUG;
				SWIFT_OPTIMIZATION_LEVEL = "-Onone";
			};
			name = Debug;
		};
		4C2324A62AAE7FE400AB937A /* Release */ = {
			isa = XCBuildConfiguration;
			buildSettings = {
				ALWAYS_SEARCH_USER_PATHS = NO;
				CLANG_ANALYZER_NONNULL = YES;
				CLANG_ANALYZER_NUMBER_OBJECT_CONVERSION = YES_AGGRESSIVE;
				CLANG_CXX_LANGUAGE_STANDARD = "gnu++20";
				CLANG_ENABLE_MODULES = YES;
				CLANG_ENABLE_OBJC_ARC = YES;
				CLANG_ENABLE_OBJC_WEAK = YES;
				CLANG_WARN_BLOCK_CAPTURE_AUTORELEASING = YES;
				CLANG_WARN_BOOL_CONVERSION = YES;
				CLANG_WARN_COMMA = YES;
				CLANG_WARN_CONSTANT_CONVERSION = YES;
				CLANG_WARN_DEPRECATED_OBJC_IMPLEMENTATIONS = YES;
				CLANG_WARN_DIRECT_OBJC_ISA_USAGE = YES_ERROR;
				CLANG_WARN_DOCUMENTATION_COMMENTS = YES;
				CLANG_WARN_EMPTY_BODY = YES;
				CLANG_WARN_ENUM_CONVERSION = YES;
				CLANG_WARN_INFINITE_RECURSION = YES;
				CLANG_WARN_INT_CONVERSION = YES;
				CLANG_WARN_NON_LITERAL_NULL_CONVERSION = YES;
				CLANG_WARN_OBJC_IMPLICIT_RETAIN_SELF = YES;
				CLANG_WARN_OBJC_LITERAL_CONVERSION = YES;
				CLANG_WARN_OBJC_ROOT_CLASS = YES_ERROR;
				CLANG_WARN_QUOTED_INCLUDE_IN_FRAMEWORK_HEADER = YES;
				CLANG_WARN_RANGE_LOOP_ANALYSIS = YES;
				CLANG_WARN_STRICT_PROTOTYPES = YES;
				CLANG_WARN_SUSPICIOUS_MOVE = YES;
				CLANG_WARN_UNGUARDED_AVAILABILITY = YES_AGGRESSIVE;
				CLANG_WARN_UNREACHABLE_CODE = YES;
				CLANG_WARN__DUPLICATE_METHOD_MATCH = YES;
				COPY_PHASE_STRIP = NO;
				DEBUG_INFORMATION_FORMAT = "dwarf-with-dsym";
				ENABLE_NS_ASSERTIONS = NO;
				ENABLE_STRICT_OBJC_MSGSEND = YES;
				GCC_C_LANGUAGE_STANDARD = gnu11;
				GCC_NO_COMMON_BLOCKS = YES;
				GCC_WARN_64_TO_32_BIT_CONVERSION = YES;
				GCC_WARN_ABOUT_RETURN_TYPE = YES_ERROR;
				GCC_WARN_UNDECLARED_SELECTOR = YES;
				GCC_WARN_UNINITIALIZED_AUTOS = YES_AGGRESSIVE;
				GCC_WARN_UNUSED_FUNCTION = YES;
				GCC_WARN_UNUSED_VARIABLE = YES;
				MTL_ENABLE_DEBUG_INFO = NO;
				MTL_FAST_MATH = YES;
				SWIFT_COMPILATION_MODE = wholemodule;
				SWIFT_OPTIMIZATION_LEVEL = "-O";
			};
			name = Release;
		};
		4C2324A82AAE7FE400AB937A /* Debug */ = {
			isa = XCBuildConfiguration;
			buildSettings = {
				ASSETCATALOG_COMPILER_APPICON_NAME = AppIcon;
				ASSETCATALOG_COMPILER_GLOBAL_ACCENT_COLOR_NAME = AccentColor;
				ASSETCATALOG_COMPILER_INCLUDE_ALL_APPICON_ASSETS = NO;
				CODE_SIGN_STYLE = Automatic;
				CURRENT_PROJECT_VERSION = 1;
				DEVELOPMENT_ASSET_PATHS = "\"lunabrain Watch App/Preview Content\"";
				DEVELOPMENT_TEAM = GXTMGDAFNK;
				ENABLE_PREVIEWS = YES;
				GENERATE_INFOPLIST_FILE = YES;
				INFOPLIST_KEY_CFBundleDisplayName = lunabrain;
				INFOPLIST_KEY_UISupportedInterfaceOrientations = "UIInterfaceOrientationPortrait UIInterfaceOrientationPortraitUpsideDown";
				INFOPLIST_KEY_WKCompanionAppBundleIdentifier = com.breadchris.lunabrain;
				LD_RUNPATH_SEARCH_PATHS = (
					"$(inherited)",
					"@executable_path/Frameworks",
				);
				MARKETING_VERSION = 1.0;
				PRODUCT_BUNDLE_IDENTIFIER = com.breadchris.lunabrain.watchkitapp;
				PRODUCT_NAME = "$(TARGET_NAME)";
				SDKROOT = watchos;
				SKIP_INSTALL = YES;
				SWIFT_EMIT_LOC_STRINGS = YES;
				SWIFT_VERSION = 5.0;
				TARGETED_DEVICE_FAMILY = 4;
				WATCHOS_DEPLOYMENT_TARGET = 9.4;
			};
			name = Debug;
		};
		4C2324A92AAE7FE400AB937A /* Release */ = {
			isa = XCBuildConfiguration;
			buildSettings = {
				ASSETCATALOG_COMPILER_APPICON_NAME = AppIcon;
				ASSETCATALOG_COMPILER_GLOBAL_ACCENT_COLOR_NAME = AccentColor;
				ASSETCATALOG_COMPILER_INCLUDE_ALL_APPICON_ASSETS = NO;
				CODE_SIGN_STYLE = Automatic;
				CURRENT_PROJECT_VERSION = 1;
				DEVELOPMENT_ASSET_PATHS = "\"lunabrain Watch App/Preview Content\"";
				DEVELOPMENT_TEAM = GXTMGDAFNK;
				ENABLE_PREVIEWS = YES;
				GENERATE_INFOPLIST_FILE = YES;
				INFOPLIST_KEY_CFBundleDisplayName = lunabrain;
				INFOPLIST_KEY_UISupportedInterfaceOrientations = "UIInterfaceOrientationPortrait UIInterfaceOrientationPortraitUpsideDown";
				INFOPLIST_KEY_WKCompanionAppBundleIdentifier = com.breadchris.lunabrain;
				LD_RUNPATH_SEARCH_PATHS = (
					"$(inherited)",
					"@executable_path/Frameworks",
				);
				MARKETING_VERSION = 1.0;
				PRODUCT_BUNDLE_IDENTIFIER = com.breadchris.lunabrain.watchkitapp;
				PRODUCT_NAME = "$(TARGET_NAME)";
				SDKROOT = watchos;
				SKIP_INSTALL = YES;
				SWIFT_EMIT_LOC_STRINGS = YES;
				SWIFT_VERSION = 5.0;
				TARGETED_DEVICE_FAMILY = 4;
				VALIDATE_PRODUCT = YES;
				WATCHOS_DEPLOYMENT_TARGET = 9.4;
			};
			name = Release;
		};
		4C2324AC2AAE7FE400AB937A /* Debug */ = {
			isa = XCBuildConfiguration;
			buildSettings = {
				ALWAYS_EMBED_SWIFT_STANDARD_LIBRARIES = YES;
				ASSETCATALOG_COMPILER_APPICON_NAME = AppIcon;
				ASSETCATALOG_COMPILER_GLOBAL_ACCENT_COLOR_NAME = AccentColor;
				ASSETCATALOG_COMPILER_INCLUDE_ALL_APPICON_ASSETS = NO;
				CODE_SIGN_STYLE = Automatic;
				CURRENT_PROJECT_VERSION = 1;
				DEVELOPMENT_ASSET_PATHS = "\"lunabrain/Preview Content\"";
				DEVELOPMENT_TEAM = GXTMGDAFNK;
				ENABLE_PREVIEWS = YES;
				GENERATE_INFOPLIST_FILE = YES;
				INFOPLIST_FILE = lunabrain/Info.plist;
				INFOPLIST_KEY_CFBundleDisplayName = lunabrain;
				INFOPLIST_KEY_NSMicrophoneUsageDescription = "We need access to your microphone to transcribe speech";
				INFOPLIST_KEY_NSSpeechRecognitionUsageDescription = "We need access to speech recognition to transcribe speech";
				INFOPLIST_KEY_UIApplicationSceneManifest_Generation = YES;
				INFOPLIST_KEY_UIApplicationSupportsIndirectInputEvents = YES;
				INFOPLIST_KEY_UILaunchScreen_Generation = YES;
				INFOPLIST_KEY_UISupportedInterfaceOrientations_iPad = "UIInterfaceOrientationPortrait UIInterfaceOrientationPortraitUpsideDown UIInterfaceOrientationLandscapeLeft UIInterfaceOrientationLandscapeRight";
				INFOPLIST_KEY_UISupportedInterfaceOrientations_iPhone = "UIInterfaceOrientationPortrait UIInterfaceOrientationLandscapeLeft UIInterfaceOrientationLandscapeRight";
				IPHONEOS_DEPLOYMENT_TARGET = 16.4;
				LD_RUNPATH_SEARCH_PATHS = (
					"$(inherited)",
					"@executable_path/Frameworks",
				);
				MARKETING_VERSION = 1.0;
				PRODUCT_BUNDLE_IDENTIFIER = com.breadchris.lunabrain;
				PRODUCT_NAME = "$(TARGET_NAME)";
				SDKROOT = iphoneos;
				SWIFT_EMIT_LOC_STRINGS = YES;
				SWIFT_VERSION = 5.0;
				TARGETED_DEVICE_FAMILY = "1,2";
			};
			name = Debug;
		};
		4C2324AD2AAE7FE400AB937A /* Release */ = {
			isa = XCBuildConfiguration;
			buildSettings = {
				ALWAYS_EMBED_SWIFT_STANDARD_LIBRARIES = YES;
				ASSETCATALOG_COMPILER_APPICON_NAME = AppIcon;
				ASSETCATALOG_COMPILER_GLOBAL_ACCENT_COLOR_NAME = AccentColor;
				ASSETCATALOG_COMPILER_INCLUDE_ALL_APPICON_ASSETS = NO;
				CODE_SIGN_STYLE = Automatic;
				CURRENT_PROJECT_VERSION = 1;
				DEVELOPMENT_ASSET_PATHS = "\"lunabrain/Preview Content\"";
				DEVELOPMENT_TEAM = GXTMGDAFNK;
				ENABLE_PREVIEWS = YES;
				GENERATE_INFOPLIST_FILE = YES;
				INFOPLIST_FILE = lunabrain/Info.plist;
				INFOPLIST_KEY_CFBundleDisplayName = lunabrain;
				INFOPLIST_KEY_NSMicrophoneUsageDescription = "We need access to your microphone to transcribe speech";
				INFOPLIST_KEY_NSSpeechRecognitionUsageDescription = "We need access to speech recognition to transcribe speech";
				INFOPLIST_KEY_UIApplicationSceneManifest_Generation = YES;
				INFOPLIST_KEY_UIApplicationSupportsIndirectInputEvents = YES;
				INFOPLIST_KEY_UILaunchScreen_Generation = YES;
				INFOPLIST_KEY_UISupportedInterfaceOrientations_iPad = "UIInterfaceOrientationPortrait UIInterfaceOrientationPortraitUpsideDown UIInterfaceOrientationLandscapeLeft UIInterfaceOrientationLandscapeRight";
				INFOPLIST_KEY_UISupportedInterfaceOrientations_iPhone = "UIInterfaceOrientationPortrait UIInterfaceOrientationLandscapeLeft UIInterfaceOrientationLandscapeRight";
				IPHONEOS_DEPLOYMENT_TARGET = 16.4;
				LD_RUNPATH_SEARCH_PATHS = (
					"$(inherited)",
					"@executable_path/Frameworks",
				);
				MARKETING_VERSION = 1.0;
				PRODUCT_BUNDLE_IDENTIFIER = com.breadchris.lunabrain;
				PRODUCT_NAME = "$(TARGET_NAME)";
				SDKROOT = iphoneos;
				SWIFT_EMIT_LOC_STRINGS = YES;
				SWIFT_VERSION = 5.0;
				TARGETED_DEVICE_FAMILY = "1,2";
				VALIDATE_PRODUCT = YES;
			};
			name = Release;
		};
		4C4056E52ACE928A00F95A24 /* Debug */ = {
			isa = XCBuildConfiguration;
			buildSettings = {
				CODE_SIGN_STYLE = Automatic;
				CURRENT_PROJECT_VERSION = 1;
				DEVELOPMENT_TEAM = GXTMGDAFNK;
				GENERATE_INFOPLIST_FILE = YES;
				INFOPLIST_FILE = safari/Info.plist;
				INFOPLIST_KEY_CFBundleDisplayName = safari;
				INFOPLIST_KEY_NSHumanReadableCopyright = "";
				IPHONEOS_DEPLOYMENT_TARGET = 16.4;
				LD_RUNPATH_SEARCH_PATHS = (
					"$(inherited)",
					"@executable_path/Frameworks",
					"@executable_path/../../Frameworks",
				);
				MARKETING_VERSION = 1.0;
				OTHER_LDFLAGS = (
					"-framework",
					SafariServices,
				);
				PRODUCT_BUNDLE_IDENTIFIER = com.breadchris.lunabrain.safari;
				PRODUCT_NAME = "$(TARGET_NAME)";
				SDKROOT = iphoneos;
				SKIP_INSTALL = YES;
				SWIFT_EMIT_LOC_STRINGS = YES;
				SWIFT_VERSION = 5.0;
				TARGETED_DEVICE_FAMILY = "1,2";
			};
			name = Debug;
		};
		4C4056E62ACE928A00F95A24 /* Release */ = {
			isa = XCBuildConfiguration;
			buildSettings = {
				CODE_SIGN_STYLE = Automatic;
				CURRENT_PROJECT_VERSION = 1;
				DEVELOPMENT_TEAM = GXTMGDAFNK;
				GENERATE_INFOPLIST_FILE = YES;
				INFOPLIST_FILE = safari/Info.plist;
				INFOPLIST_KEY_CFBundleDisplayName = safari;
				INFOPLIST_KEY_NSHumanReadableCopyright = "";
				IPHONEOS_DEPLOYMENT_TARGET = 16.4;
				LD_RUNPATH_SEARCH_PATHS = (
					"$(inherited)",
					"@executable_path/Frameworks",
					"@executable_path/../../Frameworks",
				);
				MARKETING_VERSION = 1.0;
				OTHER_LDFLAGS = (
					"-framework",
					SafariServices,
				);
				PRODUCT_BUNDLE_IDENTIFIER = com.breadchris.lunabrain.safari;
				PRODUCT_NAME = "$(TARGET_NAME)";
				SDKROOT = iphoneos;
				SKIP_INSTALL = YES;
				SWIFT_EMIT_LOC_STRINGS = YES;
				SWIFT_VERSION = 5.0;
				TARGETED_DEVICE_FAMILY = "1,2";
				VALIDATE_PRODUCT = YES;
			};
			name = Release;
		};
		4CE6D16B2ACCCBE1002D7E2C /* Debug */ = {
			isa = XCBuildConfiguration;
			buildSettings = {
				ASSETCATALOG_COMPILER_APPICON_NAME = AppIcon;
				ASSETCATALOG_COMPILER_GLOBAL_ACCENT_COLOR_NAME = AccentColor;
				CODE_SIGN_ENTITLEMENTS = "lunabrain desktop/lunabrain_desktop.entitlements";
				CODE_SIGN_STYLE = Automatic;
				COMBINE_HIDPI_IMAGES = YES;
				CURRENT_PROJECT_VERSION = 1;
				DEVELOPMENT_ASSET_PATHS = "\"lunabrain desktop/Preview Content\"";
				DEVELOPMENT_TEAM = GXTMGDAFNK;
				ENABLE_HARDENED_RUNTIME = YES;
				ENABLE_PREVIEWS = YES;
				GENERATE_INFOPLIST_FILE = YES;
				INFOPLIST_KEY_NSHumanReadableCopyright = "";
				LD_RUNPATH_SEARCH_PATHS = (
					"$(inherited)",
					"@executable_path/../Frameworks",
				);
				MACOSX_DEPLOYMENT_TARGET = 13.3;
				MARKETING_VERSION = 1.0;
				PRODUCT_BUNDLE_IDENTIFIER = "com.breadchris.lunabrain-desktop";
				PRODUCT_NAME = "$(TARGET_NAME)";
				SDKROOT = macosx;
				SWIFT_EMIT_LOC_STRINGS = YES;
				SWIFT_VERSION = 5.0;
			};
			name = Debug;
		};
		4CE6D16C2ACCCBE1002D7E2C /* Release */ = {
			isa = XCBuildConfiguration;
			buildSettings = {
				ASSETCATALOG_COMPILER_APPICON_NAME = AppIcon;
				ASSETCATALOG_COMPILER_GLOBAL_ACCENT_COLOR_NAME = AccentColor;
				CODE_SIGN_ENTITLEMENTS = "lunabrain desktop/lunabrain_desktop.entitlements";
				CODE_SIGN_STYLE = Automatic;
				COMBINE_HIDPI_IMAGES = YES;
				CURRENT_PROJECT_VERSION = 1;
				DEVELOPMENT_ASSET_PATHS = "\"lunabrain desktop/Preview Content\"";
				DEVELOPMENT_TEAM = GXTMGDAFNK;
				ENABLE_HARDENED_RUNTIME = YES;
				ENABLE_PREVIEWS = YES;
				GENERATE_INFOPLIST_FILE = YES;
				INFOPLIST_KEY_NSHumanReadableCopyright = "";
				LD_RUNPATH_SEARCH_PATHS = (
					"$(inherited)",
					"@executable_path/../Frameworks",
				);
				MACOSX_DEPLOYMENT_TARGET = 13.3;
				MARKETING_VERSION = 1.0;
				PRODUCT_BUNDLE_IDENTIFIER = "com.breadchris.lunabrain-desktop";
				PRODUCT_NAME = "$(TARGET_NAME)";
				SDKROOT = macosx;
				SWIFT_EMIT_LOC_STRINGS = YES;
				SWIFT_VERSION = 5.0;
			};
			name = Release;
		};
/* End XCBuildConfiguration section */

/* Begin XCConfigurationList section */
		4C2324822AAE7FE200AB937A /* Build configuration list for PBXProject "lunabrain" */ = {
			isa = XCConfigurationList;
			buildConfigurations = (
				4C2324A52AAE7FE400AB937A /* Debug */,
				4C2324A62AAE7FE400AB937A /* Release */,
			);
			defaultConfigurationIsVisible = 0;
			defaultConfigurationName = Release;
		};
		4C2324A72AAE7FE400AB937A /* Build configuration list for PBXNativeTarget "lunabrain Watch App" */ = {
			isa = XCConfigurationList;
			buildConfigurations = (
				4C2324A82AAE7FE400AB937A /* Debug */,
				4C2324A92AAE7FE400AB937A /* Release */,
			);
			defaultConfigurationIsVisible = 0;
			defaultConfigurationName = Release;
		};
		4C2324AB2AAE7FE400AB937A /* Build configuration list for PBXNativeTarget "lunabrain" */ = {
			isa = XCConfigurationList;
			buildConfigurations = (
				4C2324AC2AAE7FE400AB937A /* Debug */,
				4C2324AD2AAE7FE400AB937A /* Release */,
			);
			defaultConfigurationIsVisible = 0;
			defaultConfigurationName = Release;
		};
		4C4056E72ACE928A00F95A24 /* Build configuration list for PBXNativeTarget "safari" */ = {
			isa = XCConfigurationList;
			buildConfigurations = (
				4C4056E52ACE928A00F95A24 /* Debug */,
				4C4056E62ACE928A00F95A24 /* Release */,
			);
			defaultConfigurationIsVisible = 0;
			defaultConfigurationName = Release;
		};
		4CE6D16D2ACCCBE1002D7E2C /* Build configuration list for PBXNativeTarget "lunabrain desktop" */ = {
			isa = XCConfigurationList;
			buildConfigurations = (
				4CE6D16B2ACCCBE1002D7E2C /* Debug */,
				4CE6D16C2ACCCBE1002D7E2C /* Release */,
			);
			defaultConfigurationIsVisible = 0;
			defaultConfigurationName = Release;
		};
/* End XCConfigurationList section */

/* Begin XCRemoteSwiftPackageReference section */
		4C2324AF2AAEEB4500AB937A /* XCRemoteSwiftPackageReference "connect-swift" */ = {
			isa = XCRemoteSwiftPackageReference;
			repositoryURL = "https://github.com/bufbuild/connect-swift";
			requirement = {
				kind = upToNextMajorVersion;
				minimumVersion = 0.6.0;
			};
		};
		4CAC7AD42AD4D27D00C6A2F8 /* XCRemoteSwiftPackageReference "swift-markdown" */ = {
			isa = XCRemoteSwiftPackageReference;
			repositoryURL = "https://github.com/apple/swift-markdown.git";
			requirement = {
				kind = upToNextMajorVersion;
				minimumVersion = 0.2.0;
			};
		};
		4CAC7B0A2AD72EC700C6A2F8 /* XCRemoteSwiftPackageReference "MarkupEditor" */ = {
			isa = XCRemoteSwiftPackageReference;
			repositoryURL = "https://github.com/stevengharris/MarkupEditor";
			requirement = {
				kind = upToNextMajorVersion;
				minimumVersion = 0.6.0;
			};
		};
/* End XCRemoteSwiftPackageReference section */

/* Begin XCSwiftPackageProductDependency section */
		4C2324B02AAEEB4500AB937A /* Connect */ = {
			isa = XCSwiftPackageProductDependency;
			package = 4C2324AF2AAEEB4500AB937A /* XCRemoteSwiftPackageReference "connect-swift" */;
			productName = Connect;
		};
		4CAC7AD52AD4D27D00C6A2F8 /* Markdown */ = {
			isa = XCSwiftPackageProductDependency;
			package = 4CAC7AD42AD4D27D00C6A2F8 /* XCRemoteSwiftPackageReference "swift-markdown" */;
			productName = Markdown;
		};
		4CAC7B0B2AD72EC700C6A2F8 /* MarkupEditor */ = {
			isa = XCSwiftPackageProductDependency;
			package = 4CAC7B0A2AD72EC700C6A2F8 /* XCRemoteSwiftPackageReference "MarkupEditor" */;
			productName = MarkupEditor;
		};
/* End XCSwiftPackageProductDependency section */
	};
	rootObject = 4C23247F2AAE7FE200AB937A /* Project object */;
}
